
Microsoft Visual Studio Solution File, Format Version 12.00
# Visual Studio Version 17
VisualStudioVersion = 17.2.32630.192
MinimumVisualStudioVersion = 10.0.40219.1
Project("{FAE04EC0-301F-11D3-BF4B-00C04F79EFBC}") = "mwmdata", "mwmdata\mwmdata.csproj", "{3E43F101-A3C1-4B4C-8D95-F14473CBF340}"
EndProject
Global
	GlobalSection(SolutionConfigurationPlatforms) = preSolution
		Debug|Any CPU = Debug|Any CPU
		Release|Any CPU = Release|Any CPU
	EndGlobalSection
	GlobalSection(ProjectConfigurationPlatforms) = postSolution
		{3E43F101-A3C1-4B4C-8D95-F14473CBF340}.Debug|Any CPU.ActiveCfg = Debug|Any CPU
		{3E43F101-A3C1-4B4C-8D95-F14473CBF340}.Debug|Any CPU.Build.0 = Debug|Any CPU
		{3E43F101-A3C1-4B4C-8D95-F14473CBF340}.Release|Any CPU.ActiveCfg = Release|Any CPU
		{3E43F101-A3C1-4B4C-8D95-F14473CBF340}.Release|Any CPU.Build.0 = Release|Any CPU
	EndGlobalSection
	GlobalSection(SolutionProperties) = preSolution
		HideSolutionNode = FALSE
	EndGlobalSection
	GlobalSection(ExtensibilityGlobals) = postSolution
		SolutionGuid = {B1965901-7150-48AB-AC3F-7912A5BC7BEE}
	EndGlobalSection
EndGlobal
